
Microsoft Visual Studio Solution File, Format Version 12.00
# Visual Studio 2012
Project("{FAE04EC0-301F-11D3-BF4B-00C04F79EFBC}") = "POLY-KRISIS", "POLY-KRISIS\POLY-KRISIS\POLY-KRISIS.csproj", "{477CE77B-202B-4D88-9D9C-37308432DF3F}"
EndProject
Project("{96E2B04D-8817-42C6-938A-82C39BA4D311}") = "POLY-KRISISContent", "POLY-KRISIS\POLY-KRISISContent\POLY-KRISISContent.contentproj", "{C52DC33E-A0AC-464C-9D5D-F2A1435403CD}"
EndProject
Global
	GlobalSection(SolutionConfigurationPlatforms) = preSolution
		Debug|x86 = Debug|x86
		Release|x86 = Release|x86
	EndGlobalSection
	GlobalSection(ProjectConfigurationPlatforms) = postSolution
		{477CE77B-202B-4D88-9D9C-37308432DF3F}.Debug|x86.ActiveCfg = Debug|x86
		{477CE77B-202B-4D88-9D9C-37308432DF3F}.Debug|x86.Build.0 = Debug|x86
		{477CE77B-202B-4D88-9D9C-37308432DF3F}.Release|x86.ActiveCfg = Release|x86
		{477CE77B-202B-4D88-9D9C-37308432DF3F}.Release|x86.Build.0 = Release|x86
		{C52DC33E-A0AC-464C-9D5D-F2A1435403CD}.Debug|x86.ActiveCfg = Debug|x86
		{C52DC33E-A0AC-464C-9D5D-F2A1435403CD}.Release|x86.ActiveCfg = Release|x86
	EndGlobalSection
	GlobalSection(SolutionProperties) = preSolution
		HideSolutionNode = FALSE
	EndGlobalSection
EndGlobal
